
Microsoft Visual Studio Solution File, Format Version 12.00
# Visual Studio Version 17
VisualStudioVersion = 17.7.34009.444
MinimumVisualStudioVersion = 10.0.40219.1
Project("{2150E333-8FDC-42A3-9474-1A3956D46DE8}") = "Tests", "Tests", "{5EC996F6-94FA-4CE8-A383-FDBFE0F66A5D}"
EndProject
Project("{9A19103F-16F7-4668-BE54-9A1E7A4F7556}") = "WebClient", "Application\WebClient\WebClient.csproj", "{DE2B7C48-980A-45BD-8EE0-751A0C29804A}"
EndProject
Project("{9A19103F-16F7-4668-BE54-9A1E7A4F7556}") = "CodeMirror6", "Tools\CodeMirror6\CodeMirror6.csproj", "{D1A2CAEA-B1E2-494A-85ED-8160874C316A}"
EndProject
Project("{9A19103F-16F7-4668-BE54-9A1E7A4F7556}") = "Сodem.Shared", "Libs\Сodem.Shared\Сodem.Shared.csproj", "{2AFD3883-A450-4F20-9EBE-031E93E47B62}"
EndProject
Project("{2150E333-8FDC-42A3-9474-1A3956D46DE8}") = "Application", "Application", "{9D2471C6-869B-4871-A80B-EC8108BE21CB}"
EndProject
Project("{2150E333-8FDC-42A3-9474-1A3956D46DE8}") = "Tools", "Tools", "{BEDED36F-B378-4D09-8FDC-4D6B3BCE849B}"
EndProject
Project("{2150E333-8FDC-42A3-9474-1A3956D46DE8}") = "Libs", "Libs", "{2032D3B5-1456-4A7E-9307-6964BA36BABC}"
EndProject
Project("{9A19103F-16F7-4668-BE54-9A1E7A4F7556}") = "Codem.Domain.Tests", "Tests\Codem.Domain.Tests\Codem.Domain.Tests.csproj", "{AFEBF0CC-CC86-4D90-8672-6040039DE697}"
EndProject
Project("{9A19103F-16F7-4668-BE54-9A1E7A4F7556}") = "Codem.WebClient.Tests", "Tests\Codem.WebClient.Tests\Codem.WebClient.Tests.csproj", "{B5250ABA-8D5F-4717-8D14-CB6BC49C5F3F}"
EndProject
Project("{2150E333-8FDC-42A3-9474-1A3956D46DE8}") = "Layers", "Layers", "{64FB7036-FD19-4A57-99B6-FAA502C21423}"
EndProject
Project("{9A19103F-16F7-4668-BE54-9A1E7A4F7556}") = "Codem.Application", "Layers\Codem.Application\Codem.Application.csproj", "{5E154591-2DED-4471-B80C-C2856091E43E}"
EndProject
Project("{9A19103F-16F7-4668-BE54-9A1E7A4F7556}") = "Codem.Domain", "Layers\Codem.Domain\Codem.Domain.csproj", "{1C647F4C-0354-410B-AF57-B12B33514A60}"
EndProject
Project("{9A19103F-16F7-4668-BE54-9A1E7A4F7556}") = "Codem.Infrastructure", "Layers\Codem.Infrastructure\Codem.Infrastructure.csproj", "{974C2335-06FB-4EB0-ACDD-9C6A0D4C85AF}"
EndProject
Project("{9A19103F-16F7-4668-BE54-9A1E7A4F7556}") = "Codem.Api", "Layers\Codem.Api\Codem.Api.csproj", "{F4ED4DCC-B27F-41A3-B1F0-75A05F43CA37}"
EndProject
Project("{9A19103F-16F7-4668-BE54-9A1E7A4F7556}") = "Codem.Api.Tests", "Tests\Codem.Api.Tests\Codem.Api.Tests.csproj", "{59537C4B-FEFA-4261-94DD-C014F103B8C3}"
EndProject
Project("{9A19103F-16F7-4668-BE54-9A1E7A4F7556}") = "UOW.Abstractions", "Libs\UOW.Abstractions\UOW.Abstractions.csproj", "{301D9E41-5B78-4B5C-9799-AA2F954351CE}"
EndProject
Project("{9A19103F-16F7-4668-BE54-9A1E7A4F7556}") = "Codem.Infrastructure.Tests", "Tests\Codem.Infrastructure.Tests\Codem.Infrastructure.Tests.csproj", "{AF7EED52-D0C2-4539-8BBB-CDD859DB5DBB}"
EndProject
Project("{9A19103F-16F7-4668-BE54-9A1E7A4F7556}") = "Codem.Application.Tests", "Tests\Codem.Application.Tests\Codem.Application.Tests.csproj", "{02D47A2B-A3A0-4E81-B173-5B4E6610A86F}"
EndProject
Project("{FAE04EC0-301F-11D3-BF4B-00C04F79EFBC}") = "WebAdmin", "Application\WebAdmin\WebAdmin.csproj", "{7CCC63E4-C88A-4890-9B76-5541FC5E7ACD}"
EndProject
Global
	GlobalSection(SolutionConfigurationPlatforms) = preSolution
		Debug|Any CPU = Debug|Any CPU
		Develop|Any CPU = Develop|Any CPU
		Local|Any CPU = Local|Any CPU
		Release|Any CPU = Release|Any CPU
	EndGlobalSection
	GlobalSection(ProjectConfigurationPlatforms) = postSolution
		{DE2B7C48-980A-45BD-8EE0-751A0C29804A}.Debug|Any CPU.ActiveCfg = Develop|Any CPU
		{DE2B7C48-980A-45BD-8EE0-751A0C29804A}.Debug|Any CPU.Build.0 = Develop|Any CPU
		{DE2B7C48-980A-45BD-8EE0-751A0C29804A}.Develop|Any CPU.ActiveCfg = Develop|Any CPU
		{DE2B7C48-980A-45BD-8EE0-751A0C29804A}.Develop|Any CPU.Build.0 = Develop|Any CPU
		{DE2B7C48-980A-45BD-8EE0-751A0C29804A}.Local|Any CPU.ActiveCfg = Local|Any CPU
		{DE2B7C48-980A-45BD-8EE0-751A0C29804A}.Local|Any CPU.Build.0 = Local|Any CPU
		{DE2B7C48-980A-45BD-8EE0-751A0C29804A}.Release|Any CPU.ActiveCfg = Release|Any CPU
		{DE2B7C48-980A-45BD-8EE0-751A0C29804A}.Release|Any CPU.Build.0 = Release|Any CPU
		{D1A2CAEA-B1E2-494A-85ED-8160874C316A}.Debug|Any CPU.ActiveCfg = Develop|Any CPU
		{D1A2CAEA-B1E2-494A-85ED-8160874C316A}.Debug|Any CPU.Build.0 = Develop|Any CPU
		{D1A2CAEA-B1E2-494A-85ED-8160874C316A}.Develop|Any CPU.ActiveCfg = Develop|Any CPU
		{D1A2CAEA-B1E2-494A-85ED-8160874C316A}.Develop|Any CPU.Build.0 = Develop|Any CPU
		{D1A2CAEA-B1E2-494A-85ED-8160874C316A}.Local|Any CPU.ActiveCfg = Local|Any CPU
		{D1A2CAEA-B1E2-494A-85ED-8160874C316A}.Local|Any CPU.Build.0 = Local|Any CPU
		{D1A2CAEA-B1E2-494A-85ED-8160874C316A}.Release|Any CPU.ActiveCfg = Release|Any CPU
		{D1A2CAEA-B1E2-494A-85ED-8160874C316A}.Release|Any CPU.Build.0 = Release|Any CPU
		{2AFD3883-A450-4F20-9EBE-031E93E47B62}.Debug|Any CPU.ActiveCfg = Develop|Any CPU
		{2AFD3883-A450-4F20-9EBE-031E93E47B62}.Debug|Any CPU.Build.0 = Develop|Any CPU
		{2AFD3883-A450-4F20-9EBE-031E93E47B62}.Develop|Any CPU.ActiveCfg = Develop|Any CPU
		{2AFD3883-A450-4F20-9EBE-031E93E47B62}.Develop|Any CPU.Build.0 = Develop|Any CPU
		{2AFD3883-A450-4F20-9EBE-031E93E47B62}.Local|Any CPU.ActiveCfg = Local|Any CPU
		{2AFD3883-A450-4F20-9EBE-031E93E47B62}.Local|Any CPU.Build.0 = Local|Any CPU
		{2AFD3883-A450-4F20-9EBE-031E93E47B62}.Release|Any CPU.ActiveCfg = Release|Any CPU
		{2AFD3883-A450-4F20-9EBE-031E93E47B62}.Release|Any CPU.Build.0 = Release|Any CPU
		{AFEBF0CC-CC86-4D90-8672-6040039DE697}.Debug|Any CPU.ActiveCfg = Develop|Any CPU
		{AFEBF0CC-CC86-4D90-8672-6040039DE697}.Debug|Any CPU.Build.0 = Develop|Any CPU
		{AFEBF0CC-CC86-4D90-8672-6040039DE697}.Develop|Any CPU.ActiveCfg = Develop|Any CPU
		{AFEBF0CC-CC86-4D90-8672-6040039DE697}.Develop|Any CPU.Build.0 = Develop|Any CPU
		{AFEBF0CC-CC86-4D90-8672-6040039DE697}.Local|Any CPU.ActiveCfg = Local|Any CPU
		{AFEBF0CC-CC86-4D90-8672-6040039DE697}.Local|Any CPU.Build.0 = Local|Any CPU
		{AFEBF0CC-CC86-4D90-8672-6040039DE697}.Release|Any CPU.ActiveCfg = Release|Any CPU
		{AFEBF0CC-CC86-4D90-8672-6040039DE697}.Release|Any CPU.Build.0 = Release|Any CPU
		{B5250ABA-8D5F-4717-8D14-CB6BC49C5F3F}.Debug|Any CPU.ActiveCfg = Develop|Any CPU
		{B5250ABA-8D5F-4717-8D14-CB6BC49C5F3F}.Debug|Any CPU.Build.0 = Develop|Any CPU
		{B5250ABA-8D5F-4717-8D14-CB6BC49C5F3F}.Develop|Any CPU.ActiveCfg = Develop|Any CPU
		{B5250ABA-8D5F-4717-8D14-CB6BC49C5F3F}.Develop|Any CPU.Build.0 = Develop|Any CPU
		{B5250ABA-8D5F-4717-8D14-CB6BC49C5F3F}.Local|Any CPU.ActiveCfg = Local|Any CPU
		{B5250ABA-8D5F-4717-8D14-CB6BC49C5F3F}.Local|Any CPU.Build.0 = Local|Any CPU
		{B5250ABA-8D5F-4717-8D14-CB6BC49C5F3F}.Release|Any CPU.ActiveCfg = Release|Any CPU
		{B5250ABA-8D5F-4717-8D14-CB6BC49C5F3F}.Release|Any CPU.Build.0 = Release|Any CPU
		{5E154591-2DED-4471-B80C-C2856091E43E}.Debug|Any CPU.ActiveCfg = Develop|Any CPU
		{5E154591-2DED-4471-B80C-C2856091E43E}.Debug|Any CPU.Build.0 = Develop|Any CPU
		{5E154591-2DED-4471-B80C-C2856091E43E}.Develop|Any CPU.ActiveCfg = Develop|Any CPU
		{5E154591-2DED-4471-B80C-C2856091E43E}.Develop|Any CPU.Build.0 = Develop|Any CPU
		{5E154591-2DED-4471-B80C-C2856091E43E}.Local|Any CPU.ActiveCfg = Local|Any CPU
		{5E154591-2DED-4471-B80C-C2856091E43E}.Local|Any CPU.Build.0 = Local|Any CPU
		{5E154591-2DED-4471-B80C-C2856091E43E}.Release|Any CPU.ActiveCfg = Release|Any CPU
		{5E154591-2DED-4471-B80C-C2856091E43E}.Release|Any CPU.Build.0 = Release|Any CPU
		{1C647F4C-0354-410B-AF57-B12B33514A60}.Debug|Any CPU.ActiveCfg = Develop|Any CPU
		{1C647F4C-0354-410B-AF57-B12B33514A60}.Debug|Any CPU.Build.0 = Develop|Any CPU
		{1C647F4C-0354-410B-AF57-B12B33514A60}.Develop|Any CPU.ActiveCfg = Develop|Any CPU
		{1C647F4C-0354-410B-AF57-B12B33514A60}.Develop|Any CPU.Build.0 = Develop|Any CPU
		{1C647F4C-0354-410B-AF57-B12B33514A60}.Local|Any CPU.ActiveCfg = Local|Any CPU
		{1C647F4C-0354-410B-AF57-B12B33514A60}.Local|Any CPU.Build.0 = Local|Any CPU
		{1C647F4C-0354-410B-AF57-B12B33514A60}.Release|Any CPU.ActiveCfg = Release|Any CPU
		{1C647F4C-0354-410B-AF57-B12B33514A60}.Release|Any CPU.Build.0 = Release|Any CPU
		{974C2335-06FB-4EB0-ACDD-9C6A0D4C85AF}.Debug|Any CPU.ActiveCfg = Develop|Any CPU
		{974C2335-06FB-4EB0-ACDD-9C6A0D4C85AF}.Debug|Any CPU.Build.0 = Develop|Any CPU
		{974C2335-06FB-4EB0-ACDD-9C6A0D4C85AF}.Develop|Any CPU.ActiveCfg = Develop|Any CPU
		{974C2335-06FB-4EB0-ACDD-9C6A0D4C85AF}.Develop|Any CPU.Build.0 = Develop|Any CPU
		{974C2335-06FB-4EB0-ACDD-9C6A0D4C85AF}.Local|Any CPU.ActiveCfg = Local|Any CPU
		{974C2335-06FB-4EB0-ACDD-9C6A0D4C85AF}.Local|Any CPU.Build.0 = Local|Any CPU
		{974C2335-06FB-4EB0-ACDD-9C6A0D4C85AF}.Release|Any CPU.ActiveCfg = Release|Any CPU
		{974C2335-06FB-4EB0-ACDD-9C6A0D4C85AF}.Release|Any CPU.Build.0 = Release|Any CPU
		{F4ED4DCC-B27F-41A3-B1F0-75A05F43CA37}.Debug|Any CPU.ActiveCfg = Develop|Any CPU
		{F4ED4DCC-B27F-41A3-B1F0-75A05F43CA37}.Debug|Any CPU.Build.0 = Develop|Any CPU
		{F4ED4DCC-B27F-41A3-B1F0-75A05F43CA37}.Develop|Any CPU.ActiveCfg = Develop|Any CPU
		{F4ED4DCC-B27F-41A3-B1F0-75A05F43CA37}.Develop|Any CPU.Build.0 = Develop|Any CPU
		{F4ED4DCC-B27F-41A3-B1F0-75A05F43CA37}.Local|Any CPU.ActiveCfg = Local|Any CPU
		{F4ED4DCC-B27F-41A3-B1F0-75A05F43CA37}.Local|Any CPU.Build.0 = Local|Any CPU
		{F4ED4DCC-B27F-41A3-B1F0-75A05F43CA37}.Release|Any CPU.ActiveCfg = Release|Any CPU
		{F4ED4DCC-B27F-41A3-B1F0-75A05F43CA37}.Release|Any CPU.Build.0 = Release|Any CPU
		{59537C4B-FEFA-4261-94DD-C014F103B8C3}.Debug|Any CPU.ActiveCfg = Develop|Any CPU
		{59537C4B-FEFA-4261-94DD-C014F103B8C3}.Debug|Any CPU.Build.0 = Develop|Any CPU
		{59537C4B-FEFA-4261-94DD-C014F103B8C3}.Develop|Any CPU.ActiveCfg = Develop|Any CPU
		{59537C4B-FEFA-4261-94DD-C014F103B8C3}.Develop|Any CPU.Build.0 = Develop|Any CPU
		{59537C4B-FEFA-4261-94DD-C014F103B8C3}.Local|Any CPU.ActiveCfg = Local|Any CPU
		{59537C4B-FEFA-4261-94DD-C014F103B8C3}.Local|Any CPU.Build.0 = Local|Any CPU
		{59537C4B-FEFA-4261-94DD-C014F103B8C3}.Release|Any CPU.ActiveCfg = Release|Any CPU
		{59537C4B-FEFA-4261-94DD-C014F103B8C3}.Release|Any CPU.Build.0 = Release|Any CPU
		{301D9E41-5B78-4B5C-9799-AA2F954351CE}.Debug|Any CPU.ActiveCfg = Develop|Any CPU
		{301D9E41-5B78-4B5C-9799-AA2F954351CE}.Debug|Any CPU.Build.0 = Develop|Any CPU
		{301D9E41-5B78-4B5C-9799-AA2F954351CE}.Develop|Any CPU.ActiveCfg = Develop|Any CPU
		{301D9E41-5B78-4B5C-9799-AA2F954351CE}.Develop|Any CPU.Build.0 = Develop|Any CPU
		{301D9E41-5B78-4B5C-9799-AA2F954351CE}.Local|Any CPU.ActiveCfg = Local|Any CPU
		{301D9E41-5B78-4B5C-9799-AA2F954351CE}.Local|Any CPU.Build.0 = Local|Any CPU
		{301D9E41-5B78-4B5C-9799-AA2F954351CE}.Release|Any CPU.ActiveCfg = Release|Any CPU
		{301D9E41-5B78-4B5C-9799-AA2F954351CE}.Release|Any CPU.Build.0 = Release|Any CPU
		{AF7EED52-D0C2-4539-8BBB-CDD859DB5DBB}.Debug|Any CPU.ActiveCfg = Develop|Any CPU
		{AF7EED52-D0C2-4539-8BBB-CDD859DB5DBB}.Debug|Any CPU.Build.0 = Develop|Any CPU
		{AF7EED52-D0C2-4539-8BBB-CDD859DB5DBB}.Develop|Any CPU.ActiveCfg = Develop|Any CPU
		{AF7EED52-D0C2-4539-8BBB-CDD859DB5DBB}.Develop|Any CPU.Build.0 = Develop|Any CPU
		{AF7EED52-D0C2-4539-8BBB-CDD859DB5DBB}.Local|Any CPU.ActiveCfg = Local|Any CPU
		{AF7EED52-D0C2-4539-8BBB-CDD859DB5DBB}.Local|Any CPU.Build.0 = Local|Any CPU
		{AF7EED52-D0C2-4539-8BBB-CDD859DB5DBB}.Release|Any CPU.ActiveCfg = Release|Any CPU
		{AF7EED52-D0C2-4539-8BBB-CDD859DB5DBB}.Release|Any CPU.Build.0 = Release|Any CPU
		{02D47A2B-A3A0-4E81-B173-5B4E6610A86F}.Debug|Any CPU.ActiveCfg = Develop|Any CPU
		{02D47A2B-A3A0-4E81-B173-5B4E6610A86F}.Debug|Any CPU.Build.0 = Develop|Any CPU
		{02D47A2B-A3A0-4E81-B173-5B4E6610A86F}.Develop|Any CPU.ActiveCfg = Develop|Any CPU
		{02D47A2B-A3A0-4E81-B173-5B4E6610A86F}.Develop|Any CPU.Build.0 = Develop|Any CPU
		{02D47A2B-A3A0-4E81-B173-5B4E6610A86F}.Local|Any CPU.ActiveCfg = Local|Any CPU
		{02D47A2B-A3A0-4E81-B173-5B4E6610A86F}.Local|Any CPU.Build.0 = Local|Any CPU
		{02D47A2B-A3A0-4E81-B173-5B4E6610A86F}.Release|Any CPU.ActiveCfg = Release|Any CPU
		{02D47A2B-A3A0-4E81-B173-5B4E6610A86F}.Release|Any CPU.Build.0 = Release|Any CPU
		{7CCC63E4-C88A-4890-9B76-5541FC5E7ACD}.Debug|Any CPU.ActiveCfg = Debug|Any CPU
		{7CCC63E4-C88A-4890-9B76-5541FC5E7ACD}.Debug|Any CPU.Build.0 = Debug|Any CPU
		{7CCC63E4-C88A-4890-9B76-5541FC5E7ACD}.Develop|Any CPU.ActiveCfg = Debug|Any CPU
		{7CCC63E4-C88A-4890-9B76-5541FC5E7ACD}.Develop|Any CPU.Build.0 = Debug|Any CPU
		{7CCC63E4-C88A-4890-9B76-5541FC5E7ACD}.Local|Any CPU.ActiveCfg = Debug|Any CPU
		{7CCC63E4-C88A-4890-9B76-5541FC5E7ACD}.Local|Any CPU.Build.0 = Debug|Any CPU
		{7CCC63E4-C88A-4890-9B76-5541FC5E7ACD}.Release|Any CPU.ActiveCfg = Release|Any CPU
		{7CCC63E4-C88A-4890-9B76-5541FC5E7ACD}.Release|Any CPU.Build.0 = Release|Any CPU
	EndGlobalSection
	GlobalSection(SolutionProperties) = preSolution
		HideSolutionNode = FALSE
	EndGlobalSection
	GlobalSection(NestedProjects) = preSolution
		{DE2B7C48-980A-45BD-8EE0-751A0C29804A} = {9D2471C6-869B-4871-A80B-EC8108BE21CB}
		{D1A2CAEA-B1E2-494A-85ED-8160874C316A} = {BEDED36F-B378-4D09-8FDC-4D6B3BCE849B}
		{2AFD3883-A450-4F20-9EBE-031E93E47B62} = {2032D3B5-1456-4A7E-9307-6964BA36BABC}
		{AFEBF0CC-CC86-4D90-8672-6040039DE697} = {5EC996F6-94FA-4CE8-A383-FDBFE0F66A5D}
		{B5250ABA-8D5F-4717-8D14-CB6BC49C5F3F} = {5EC996F6-94FA-4CE8-A383-FDBFE0F66A5D}
		{5E154591-2DED-4471-B80C-C2856091E43E} = {64FB7036-FD19-4A57-99B6-FAA502C21423}
		{1C647F4C-0354-410B-AF57-B12B33514A60} = {64FB7036-FD19-4A57-99B6-FAA502C21423}
		{974C2335-06FB-4EB0-ACDD-9C6A0D4C85AF} = {64FB7036-FD19-4A57-99B6-FAA502C21423}
		{F4ED4DCC-B27F-41A3-B1F0-75A05F43CA37} = {64FB7036-FD19-4A57-99B6-FAA502C21423}
		{59537C4B-FEFA-4261-94DD-C014F103B8C3} = {5EC996F6-94FA-4CE8-A383-FDBFE0F66A5D}
		{301D9E41-5B78-4B5C-9799-AA2F954351CE} = {2032D3B5-1456-4A7E-9307-6964BA36BABC}
		{AF7EED52-D0C2-4539-8BBB-CDD859DB5DBB} = {5EC996F6-94FA-4CE8-A383-FDBFE0F66A5D}
		{02D47A2B-A3A0-4E81-B173-5B4E6610A86F} = {5EC996F6-94FA-4CE8-A383-FDBFE0F66A5D}
		{7CCC63E4-C88A-4890-9B76-5541FC5E7ACD} = {9D2471C6-869B-4871-A80B-EC8108BE21CB}
	EndGlobalSection
	GlobalSection(ExtensibilityGlobals) = postSolution
		SolutionGuid = {F4186C43-3776-449B-938E-E2DB26A66303}
	EndGlobalSection
EndGlobal
