
Microsoft Visual Studio Solution File, Format Version 12.00
# Visual Studio Version 17
VisualStudioVersion = 17.7.34009.444
MinimumVisualStudioVersion = 10.0.40219.1
Project("{2150E333-8FDC-42A3-9474-1A3956D46DE8}") = "Tests", "Tests", "{5EC996F6-94FA-4CE8-A383-FDBFE0F66A5D}"
EndProject
Project("{9A19103F-16F7-4668-BE54-9A1E7A4F7556}") = "WebClient", "Application\WebClient\WebClient.csproj", "{DE2B7C48-980A-45BD-8EE0-751A0C29804A}"
EndProject
Project("{9A19103F-16F7-4668-BE54-9A1E7A4F7556}") = "CodeMirror6", "Tools\CodeMirror6\CodeMirror6.csproj", "{D1A2CAEA-B1E2-494A-85ED-8160874C316A}"
EndProject
Project("{9A19103F-16F7-4668-BE54-9A1E7A4F7556}") = "AdminPanel", "Application\AdminPanel\AdminPanel.csproj", "{3F19E260-F32D-4427-8012-E6B9426C5E8B}"
EndProject
Project("{FAE04EC0-301F-11D3-BF4B-00C04F79EFBC}") = "SqlCore", "Infrastructure\SqlCore\SqlCore.csproj", "{1398E62E-E36A-4D2D-89E0-0F8573FB9112}"
EndProject
Project("{FAE04EC0-301F-11D3-BF4B-00C04F79EFBC}") = "SqlCoreTests", "Tests\SqlCoreTests\SqlCoreTests.csproj", "{EC248449-8BEC-4D77-B411-932D831D1970}"
EndProject
Project("{FAE04EC0-301F-11D3-BF4B-00C04F79EFBC}") = "SharedCore", "Libs\SharedCore\SharedCore.csproj", "{2AFD3883-A450-4F20-9EBE-031E93E47B62}"
EndProject
Project("{2150E333-8FDC-42A3-9474-1A3956D46DE8}") = "Infrastructure", "Infrastructure", "{34523CAC-258D-4CE8-8031-A1BA2ED9C384}"
EndProject
Project("{2150E333-8FDC-42A3-9474-1A3956D46DE8}") = "Application", "Application", "{9D2471C6-869B-4871-A80B-EC8108BE21CB}"
EndProject
Project("{2150E333-8FDC-42A3-9474-1A3956D46DE8}") = "Tools", "Tools", "{BEDED36F-B378-4D09-8FDC-4D6B3BCE849B}"
EndProject
Project("{2150E333-8FDC-42A3-9474-1A3956D46DE8}") = "Libs", "Libs", "{2032D3B5-1456-4A7E-9307-6964BA36BABC}"
EndProject
Project("{2150E333-8FDC-42A3-9474-1A3956D46DE8}") = "Domain", "Domain", "{882D745B-CB64-4267-BEBC-C8C3EA568628}"
EndProject
Project("{FAE04EC0-301F-11D3-BF4B-00C04F79EFBC}") = "Domain", "Domain\Domain\Domain.csproj", "{EE2BCA28-EDD5-4BF9-8E8F-355A17B206FC}"
EndProject
Project("{FAE04EC0-301F-11D3-BF4B-00C04F79EFBC}") = "DomainLogic", "Tests\DomainLogic\DomainLogic.csproj", "{AFEBF0CC-CC86-4D90-8672-6040039DE697}"
EndProject
Global
	GlobalSection(SolutionConfigurationPlatforms) = preSolution
		Release|Any CPU = Release|Any CPU
		Develop|Any CPU = Develop|Any CPU
	EndGlobalSection
	GlobalSection(ProjectConfigurationPlatforms) = postSolution
		{DE2B7C48-980A-45BD-8EE0-751A0C29804A}.Release|Any CPU.ActiveCfg = Release|Any CPU
		{DE2B7C48-980A-45BD-8EE0-751A0C29804A}.Release|Any CPU.Build.0 = Release|Any CPU
		{DE2B7C48-980A-45BD-8EE0-751A0C29804A}.Develop|Any CPU.ActiveCfg = Develop|Any CPU
		{DE2B7C48-980A-45BD-8EE0-751A0C29804A}.Develop|Any CPU.Build.0 = Develop|Any CPU
		{D1A2CAEA-B1E2-494A-85ED-8160874C316A}.Release|Any CPU.ActiveCfg = Release|Any CPU
		{D1A2CAEA-B1E2-494A-85ED-8160874C316A}.Release|Any CPU.Build.0 = Release|Any CPU
		{D1A2CAEA-B1E2-494A-85ED-8160874C316A}.Develop|Any CPU.ActiveCfg = Develop|Any CPU
		{D1A2CAEA-B1E2-494A-85ED-8160874C316A}.Develop|Any CPU.Build.0 = Develop|Any CPU
		{3F19E260-F32D-4427-8012-E6B9426C5E8B}.Release|Any CPU.ActiveCfg = Release|Any CPU
		{3F19E260-F32D-4427-8012-E6B9426C5E8B}.Release|Any CPU.Build.0 = Release|Any CPU
		{3F19E260-F32D-4427-8012-E6B9426C5E8B}.Develop|Any CPU.ActiveCfg = Develop|Any CPU
		{3F19E260-F32D-4427-8012-E6B9426C5E8B}.Develop|Any CPU.Build.0 = Develop|Any CPU
		{1398E62E-E36A-4D2D-89E0-0F8573FB9112}.Release|Any CPU.ActiveCfg = Release|Any CPU
		{1398E62E-E36A-4D2D-89E0-0F8573FB9112}.Release|Any CPU.Build.0 = Release|Any CPU
		{1398E62E-E36A-4D2D-89E0-0F8573FB9112}.Develop|Any CPU.ActiveCfg = Develop|Any CPU
		{1398E62E-E36A-4D2D-89E0-0F8573FB9112}.Develop|Any CPU.Build.0 = Develop|Any CPU
		{EC248449-8BEC-4D77-B411-932D831D1970}.Release|Any CPU.ActiveCfg = Release|Any CPU
		{EC248449-8BEC-4D77-B411-932D831D1970}.Release|Any CPU.Build.0 = Release|Any CPU
		{EC248449-8BEC-4D77-B411-932D831D1970}.Develop|Any CPU.ActiveCfg = Develop|Any CPU
		{EC248449-8BEC-4D77-B411-932D831D1970}.Develop|Any CPU.Build.0 = Develop|Any CPU
		{2AFD3883-A450-4F20-9EBE-031E93E47B62}.Release|Any CPU.ActiveCfg = Release|Any CPU
		{2AFD3883-A450-4F20-9EBE-031E93E47B62}.Release|Any CPU.Build.0 = Release|Any CPU
		{2AFD3883-A450-4F20-9EBE-031E93E47B62}.Develop|Any CPU.ActiveCfg = Develop|Any CPU
		{2AFD3883-A450-4F20-9EBE-031E93E47B62}.Develop|Any CPU.Build.0 = Develop|Any CPU
		{EE2BCA28-EDD5-4BF9-8E8F-355A17B206FC}.Release|Any CPU.ActiveCfg = Release|Any CPU
		{EE2BCA28-EDD5-4BF9-8E8F-355A17B206FC}.Release|Any CPU.Build.0 = Release|Any CPU
		{EE2BCA28-EDD5-4BF9-8E8F-355A17B206FC}.Develop|Any CPU.ActiveCfg = Debug|Any CPU
		{EE2BCA28-EDD5-4BF9-8E8F-355A17B206FC}.Develop|Any CPU.Build.0 = Debug|Any CPU
		{AFEBF0CC-CC86-4D90-8672-6040039DE697}.Release|Any CPU.ActiveCfg = Release|Any CPU
		{AFEBF0CC-CC86-4D90-8672-6040039DE697}.Release|Any CPU.Build.0 = Release|Any CPU
		{AFEBF0CC-CC86-4D90-8672-6040039DE697}.Develop|Any CPU.ActiveCfg = Debug|Any CPU
		{AFEBF0CC-CC86-4D90-8672-6040039DE697}.Develop|Any CPU.Build.0 = Debug|Any CPU
	EndGlobalSection
	GlobalSection(SolutionProperties) = preSolution
		HideSolutionNode = FALSE
	EndGlobalSection
	GlobalSection(NestedProjects) = preSolution
		{EC248449-8BEC-4D77-B411-932D831D1970} = {5EC996F6-94FA-4CE8-A383-FDBFE0F66A5D}
		{D1A2CAEA-B1E2-494A-85ED-8160874C316A} = {BEDED36F-B378-4D09-8FDC-4D6B3BCE849B}
		{2AFD3883-A450-4F20-9EBE-031E93E47B62} = {2032D3B5-1456-4A7E-9307-6964BA36BABC}
		{1398E62E-E36A-4D2D-89E0-0F8573FB9112} = {34523CAC-258D-4CE8-8031-A1BA2ED9C384}
		{3F19E260-F32D-4427-8012-E6B9426C5E8B} = {9D2471C6-869B-4871-A80B-EC8108BE21CB}
		{DE2B7C48-980A-45BD-8EE0-751A0C29804A} = {9D2471C6-869B-4871-A80B-EC8108BE21CB}
		{EE2BCA28-EDD5-4BF9-8E8F-355A17B206FC} = {882D745B-CB64-4267-BEBC-C8C3EA568628}
		{AFEBF0CC-CC86-4D90-8672-6040039DE697} = {5EC996F6-94FA-4CE8-A383-FDBFE0F66A5D}
	EndGlobalSection
	GlobalSection(ExtensibilityGlobals) = postSolution
		SolutionGuid = {F4186C43-3776-449B-938E-E2DB26A66303}
	EndGlobalSection
EndGlobal
